
Microsoft Visual Studio Solution File, Format Version 12.00
# Visual Studio Version 17
VisualStudioVersion = 17.5.33530.505
MinimumVisualStudioVersion = 10.0.40219.1
Project("{9A19103F-16F7-4668-BE54-9A1E7A4F7556}") = "Recipe Maker", "Recipe Maker\Recipe Maker.csproj", "{6FF1FA8C-B700-4B73-8EAA-E9E569B5816D}"
EndProject
Project("{9A19103F-16F7-4668-BE54-9A1E7A4F7556}") = "DAL", "DAL\DAL.csproj", "{D046A0E9-3717-4AC5-AEF2-2B6CE9BF7353}"
EndProject
Project("{9A19103F-16F7-4668-BE54-9A1E7A4F7556}") = "Business", "Business\Business.csproj", "{D16BCA66-4775-4B9A-B1B3-E56411A5D780}"
EndProject
Project("{9A19103F-16F7-4668-BE54-9A1E7A4F7556}") = "BusinessModels", "BusinessObjects\BusinessModels.csproj", "{43B3AC15-7A1F-4D8D-9F91-BF165D7C1D8F}"
EndProject
Project("{9A19103F-16F7-4668-BE54-9A1E7A4F7556}") = "Interfaces", "Interfaces\Interfaces.csproj", "{7B7B140B-F34A-49A3-990C-538D73DB0430}"
EndProject
Project("{FAE04EC0-301F-11D3-BF4B-00C04F79EFBC}") = "Test", "Test\Test.csproj", "{1E5FB746-DE78-471C-ABBD-BE1B41CF8844}"
EndProject
Global
	GlobalSection(SolutionConfigurationPlatforms) = preSolution
		Debug|Any CPU = Debug|Any CPU
		Release|Any CPU = Release|Any CPU
	EndGlobalSection
	GlobalSection(ProjectConfigurationPlatforms) = postSolution
		{6FF1FA8C-B700-4B73-8EAA-E9E569B5816D}.Debug|Any CPU.ActiveCfg = Debug|Any CPU
		{6FF1FA8C-B700-4B73-8EAA-E9E569B5816D}.Debug|Any CPU.Build.0 = Debug|Any CPU
		{6FF1FA8C-B700-4B73-8EAA-E9E569B5816D}.Release|Any CPU.ActiveCfg = Release|Any CPU
		{6FF1FA8C-B700-4B73-8EAA-E9E569B5816D}.Release|Any CPU.Build.0 = Release|Any CPU
		{D046A0E9-3717-4AC5-AEF2-2B6CE9BF7353}.Debug|Any CPU.ActiveCfg = Debug|Any CPU
		{D046A0E9-3717-4AC5-AEF2-2B6CE9BF7353}.Debug|Any CPU.Build.0 = Debug|Any CPU
		{D046A0E9-3717-4AC5-AEF2-2B6CE9BF7353}.Release|Any CPU.ActiveCfg = Release|Any CPU
		{D046A0E9-3717-4AC5-AEF2-2B6CE9BF7353}.Release|Any CPU.Build.0 = Release|Any CPU
		{D16BCA66-4775-4B9A-B1B3-E56411A5D780}.Debug|Any CPU.ActiveCfg = Debug|Any CPU
		{D16BCA66-4775-4B9A-B1B3-E56411A5D780}.Debug|Any CPU.Build.0 = Debug|Any CPU
		{D16BCA66-4775-4B9A-B1B3-E56411A5D780}.Release|Any CPU.ActiveCfg = Release|Any CPU
		{D16BCA66-4775-4B9A-B1B3-E56411A5D780}.Release|Any CPU.Build.0 = Release|Any CPU
		{43B3AC15-7A1F-4D8D-9F91-BF165D7C1D8F}.Debug|Any CPU.ActiveCfg = Debug|Any CPU
		{43B3AC15-7A1F-4D8D-9F91-BF165D7C1D8F}.Debug|Any CPU.Build.0 = Debug|Any CPU
		{43B3AC15-7A1F-4D8D-9F91-BF165D7C1D8F}.Release|Any CPU.ActiveCfg = Release|Any CPU
		{43B3AC15-7A1F-4D8D-9F91-BF165D7C1D8F}.Release|Any CPU.Build.0 = Release|Any CPU
		{7B7B140B-F34A-49A3-990C-538D73DB0430}.Debug|Any CPU.ActiveCfg = Debug|Any CPU
		{7B7B140B-F34A-49A3-990C-538D73DB0430}.Debug|Any CPU.Build.0 = Debug|Any CPU
		{7B7B140B-F34A-49A3-990C-538D73DB0430}.Release|Any CPU.ActiveCfg = Release|Any CPU
		{7B7B140B-F34A-49A3-990C-538D73DB0430}.Release|Any CPU.Build.0 = Release|Any CPU
		{1E5FB746-DE78-471C-ABBD-BE1B41CF8844}.Debug|Any CPU.ActiveCfg = Debug|Any CPU
		{1E5FB746-DE78-471C-ABBD-BE1B41CF8844}.Debug|Any CPU.Build.0 = Debug|Any CPU
		{1E5FB746-DE78-471C-ABBD-BE1B41CF8844}.Release|Any CPU.ActiveCfg = Release|Any CPU
		{1E5FB746-DE78-471C-ABBD-BE1B41CF8844}.Release|Any CPU.Build.0 = Release|Any CPU
	EndGlobalSection
	GlobalSection(SolutionProperties) = preSolution
		HideSolutionNode = FALSE
	EndGlobalSection
	GlobalSection(ExtensibilityGlobals) = postSolution
		SolutionGuid = {326DF1A8-E8B1-4BDA-92B5-7EBCB398CE64}
	EndGlobalSection
EndGlobal
